// !$*UTF8*$!
{
	archiveVersion = 1;
	classes = {
	};
	objectVersion = 46;
	objects = {

/* Begin PBXBuildFile section */
		CB7C1C3A1E23249D0050971E /* AppDelegate.swift in Sources */ = {isa = PBXBuildFile; fileRef = CB7C1C391E23249D0050971E /* AppDelegate.swift */; };
		CB7C1C3C1E23249D0050971E /* ViewController.swift in Sources */ = {isa = PBXBuildFile; fileRef = CB7C1C3B1E23249D0050971E /* ViewController.swift */; };
		CB7C1C3F1E23249D0050971E /* Main.storyboard in Resources */ = {isa = PBXBuildFile; fileRef = CB7C1C3D1E23249D0050971E /* Main.storyboard */; };
		CB7C1C411E23249D0050971E /* Assets.xcassets in Resources */ = {isa = PBXBuildFile; fileRef = CB7C1C401E23249D0050971E /* Assets.xcassets */; };
		CB7C1C441E23249D0050971E /* LaunchScreen.storyboard in Resources */ = {isa = PBXBuildFile; fileRef = CB7C1C421E23249D0050971E /* LaunchScreen.storyboard */; };
/* End PBXBuildFile section */

/* Begin PBXFileReference section */
		CB7C1C361E23249D0050971E /* DynamicsBehavior.app */ = {isa = PBXFileReference; explicitFileType = wrapper.application; includeInIndex = 0; path = DynamicsBehavior.app; sourceTree = BUILT_PRODUCTS_DIR; };
		CB7C1C391E23249D0050971E /* AppDelegate.swift */ = {isa = PBXFileReference; lastKnownFileType = sourcecode.swift; path = AppDelegate.swift; sourceTree = "<group>"; };
		CB7C1C3B1E23249D0050971E /* ViewController.swift */ = {isa = PBXFileReference; lastKnownFileType = sourcecode.swift; path = ViewController.swift; sourceTree = "<group>"; };
		CB7C1C3E1E23249D0050971E /* Base */ = {isa = PBXFileReference; lastKnownFileType = file.storyboard; name = Base; path = Base.lproj/Main.storyboard; sourceTree = "<group>"; };
		CB7C1C401E23249D0050971E /* Assets.xcassets */ = {isa = PBXFileReference; lastKnownFileType = folder.assetcatalog; path = Assets.xcassets; sourceTree = "<group>"; };
		CB7C1C431E23249D0050971E /* Base */ = {isa = PBXFileReference; lastKnownFileType = file.storyboard; name = Base; path = Base.lproj/LaunchScreen.storyboard; sourceTree = "<group>"; };
		CB7C1C451E23249D0050971E /* Info.plist */ = {isa = PBXFileReference; lastKnownFileType = text.plist.xml; path = Info.plist; sourceTree = "<group>"; };
/* End PBXFileReference section */

/* Begin PBXFrameworksBuildPhase section */
		CB7C1C331E23249D0050971E /* Frameworks */ = {
			isa = PBXFrameworksBuildPhase;
			buildActionMask = 2147483647;
			files = (
			);
			runOnlyForDeploymentPostprocessing = 0;
		};
/* End PBXFrameworksBuildPhase section */

/* Begin PBXGroup section */
		CB7C1C2D1E23249D0050971E = {
			isa = PBXGroup;
			children = (
				CB7C1C381E23249D0050971E /* DynamicsBehavior */,
				CB7C1C371E23249D0050971E /* Products */,
			);
			sourceTree = "<group>";
		};
		CB7C1C371E23249D0050971E /* Products */ = {
			isa = PBXGroup;
			children = (
				CB7C1C361E23249D0050971E /* DynamicsBehavior.app */,
			);
			name = Products;
			sourceTree = "<group>";
		};
		CB7C1C381E23249D0050971E /* DynamicsBehavior */ = {
			isa = PBXGroup;
			children = (
				CB7C1C391E23249D0050971E /* AppDelegate.swift */,
				CB7C1C3B1E23249D0050971E /* ViewController.swift */,
				CB7C1C3D1E23249D0050971E /* Main.storyboard */,
				CB7C1C401E23249D0050971E /* Assets.xcassets */,
				CB7C1C421E23249D0050971E /* LaunchScreen.storyboard */,
				CB7C1C451E23249D0050971E /* Info.plist */,
			);
			path = DynamicsBehavior;
			sourceTree = "<group>";
		};
/* End PBXGroup section */

/* Begin PBXNativeTarget section */
		CB7C1C351E23249D0050971E /* DynamicsBehavior */ = {
			isa = PBXNativeTarget;
			buildConfigurationList = CB7C1C481E23249D0050971E /* Build configuration list for PBXNativeTarget "DynamicsBehavior" */;
			buildPhases = (
				CB7C1C321E23249D0050971E /* Sources */,
				CB7C1C331E23249D0050971E /* Frameworks */,
				CB7C1C341E23249D0050971E /* Resources */,
			);
			buildRules = (
			);
			dependencies = (
			);
			name = DynamicsBehavior;
			productName = DynamicsBehavior;
			productReference = CB7C1C361E23249D0050971E /* DynamicsBehavior.app */;
			productType = "com.apple.product-type.application";
		};
/* End PBXNativeTarget section */

/* Begin PBXProject section */
		CB7C1C2E1E23249D0050971E /* Project object */ = {
			isa = PBXProject;
			attributes = {
				LastSwiftUpdateCheck = 0800;
				LastUpgradeCheck = 0800;
				ORGANIZATIONNAME = amy;
				TargetAttributes = {
					CB7C1C351E23249D0050971E = {
						CreatedOnToolsVersion = 8.0;
						ProvisioningStyle = Automatic;
					};
				};
			};
			buildConfigurationList = CB7C1C311E23249D0050971E /* Build configuration list for PBXProject "DynamicsBehavior" */;
			compatibilityVersion = "Xcode 3.2";
			developmentRegion = English;
			hasScannedForEncodings = 0;
			knownRegions = (
				en,
				Base,
			);
			mainGroup = CB7C1C2D1E23249D0050971E;
			productRefGroup = CB7C1C371E23249D0050971E /* Products */;
			projectDirPath = "";
			projectRoot = "";
			targets = (
				CB7C1C351E23249D0050971E /* DynamicsBehavior */,
			);
		};
/* End PBXProject section */

/* Begin PBXResourcesBuildPhase section */
		CB7C1C341E23249D0050971E /* Resources */ = {
			isa = PBXResourcesBuildPhase;
			buildActionMask = 2147483647;
			files = (
				CB7C1C441E23249D0050971E /* LaunchScreen.storyboard in Resources */,
				CB7C1C411E23249D0050971E /* Assets.xcassets in Resources */,
				CB7C1C3F1E23249D0050971E /* Main.storyboard in Resources */,
			);
			runOnlyForDeploymentPostprocessing = 0;
		};
/* End PBXResourcesBuildPhase section */

/* Begin PBXSourcesBuildPhase section */
		CB7C1C321E23249D0050971E /* Sources */ = {
			isa = PBXSourcesBuildPhase;
			buildActionMask = 2147483647;
			files = (
				CB7C1C3C1E23249D0050971E /* ViewController.swift in Sources */,
				CB7C1C3A1E23249D0050971E /* AppDelegate.swift in Sources */,
			);
			runOnlyForDeploymentPostprocessing = 0;
		};
/* End PBXSourcesBuildPhase section */

/* Begin PBXVariantGroup section */
		CB7C1C3D1E23249D0050971E /* Main.storyboard */ = {
			isa = PBXVariantGroup;
			children = (
				CB7C1C3E1E23249D0050971E /* Base */,
			);
			name = Main.storyboard;
			sourceTree = "<group>";
		};
		CB7C1C421E23249D0050971E /* LaunchScreen.storyboard */ = {
			isa = PBXVariantGroup;
			children = (
				CB7C1C431E23249D0050971E /* Base */,
			);
			name = LaunchScreen.storyboard;
			sourceTree = "<group>";
		};
/* End PBXVariantGroup section */

/* Begin XCBuildConfiguration section */
		CB7C1C461E23249D0050971E /* Debug */ = {
			isa = XCBuildConfiguration;
			buildSettings = {
				ALWAYS_SEARCH_USER_PATHS = NO;
				CLANG_ANALYZER_NONNULL = YES;
				CLANG_CXX_LANGUAGE_STANDARD = "gnu++0x";
				CLANG_CXX_LIBRARY = "libc++";
				CLANG_ENABLE_MODULES = YES;
				CLANG_ENABLE_OBJC_ARC = YES;
				CLANG_WARN_BOOL_CONVERSION = YES;
				CLANG_WARN_CONSTANT_CONVERSION = YES;
				CLANG_WARN_DIRECT_OBJC_ISA_USAGE = YES_ERROR;
				CLANG_WARN_DOCUMENTATION_COMMENTS = YES;
				CLANG_WARN_EMPTY_BODY = YES;
				CLANG_WARN_ENUM_CONVERSION = YES;
				CLANG_WARN_INFINITE_RECURSION = YES;
				CLANG_WARN_INT_CONVERSION = YES;
				CLANG_WARN_OBJC_ROOT_CLASS = YES_ERROR;
				CLANG_WARN_SUSPICIOUS_MOVES = YES;
				CLANG_WARN_UNREACHABLE_CODE = YES;
				CLANG_WARN__DUPLICATE_METHOD_MATCH = YES;
				"CODE_SIGN_IDENTITY[sdk=iphoneos*]" = "iPhone Developer";
				COPY_PHASE_STRIP = NO;
				DEBUG_INFORMATION_FORMAT = dwarf;
				ENABLE_STRICT_OBJC_MSGSEND = YES;
				ENABLE_TESTABILITY = YES;
				GCC_C_LANGUAGE_STANDARD = gnu99;
				GCC_DYNAMIC_NO_PIC = NO;
				GCC_NO_COMMON_BLOCKS = YES;
				GCC_OPTIMIZATION_LEVEL = 0;
				GCC_PREPROCESSOR_DEFINITIONS = (
					"DEBUG=1",
					"$(inherited)",
				);
				GCC_WARN_64_TO_32_BIT_CONVERSION = YES;
				GCC_WARN_ABOUT_RETURN_TYPE = YES_ERROR;
				GCC_WARN_UNDECLARED_SELECTOR = YES;
				GCC_WARN_UNINITIALIZED_AUTOS = YES_AGGRESSIVE;
				GCC_WARN_UNUSED_FUNCTION = YES;
				GCC_WARN_UNUSED_VARIABLE = YES;
				IPHONEOS_DEPLOYMENT_TARGET = 10.0;
				MTL_ENABLE_DEBUG_INFO = YES;
				ONLY_ACTIVE_ARCH = YES;
				SDKROOT = iphoneos;
				SWIFT_ACTIVE_COMPILATION_CONDITIONS = DEBUG;
				SWIFT_OPTIMIZATION_LEVEL = "-Onone";
				TARGETED_DEVICE_FAMILY = "1,2";
			};
			name = Debug;
		};
		CB7C1C471E23249D0050971E /* Release */ = {
			isa = XCBuildConfiguration;
			buildSettings = {
				ALWAYS_SEARCH_USER_PATHS = NO;
				CLANG_ANALYZER_NONNULL = YES;
				CLANG_CXX_LANGUAGE_STANDARD = "gnu++0x";
				CLANG_CXX_LIBRARY = "libc++";
				CLANG_ENABLE_MODULES = YES;
				CLANG_ENABLE_OBJC_ARC = YES;
				CLANG_WARN_BOOL_CONVERSION = YES;
				CLANG_WARN_CONSTANT_CONVERSION = YES;
				CLANG_WARN_DIRECT_OBJC_ISA_USAGE = YES_ERROR;
				CLANG_WARN_DOCUMENTATION_COMMENTS = YES;
				CLANG_WARN_EMPTY_BODY = YES;
				CLANG_WARN_ENUM_CONVERSION = YES;
				CLANG_WARN_INFINITE_RECURSION = YES;
				CLANG_WARN_INT_CONVERSION = YES;
				CLANG_WARN_OBJC_ROOT_CLASS = YES_ERROR;
				CLANG_WARN_SUSPICIOUS_MOVES = YES;
				CLANG_WARN_UNREACHABLE_CODE = YES;
				CLANG_WARN__DUPLICATE_METHOD_MATCH = YES;
				"CODE_SIGN_IDENTITY[sdk=iphoneos*]" = "iPhone Developer";
				COPY_PHASE_STRIP = NO;
				DEBUG_INFORMATION_FORMAT = "dwarf-with-dsym";
				ENABLE_NS_ASSERTIONS = NO;
				ENABLE_STRICT_OBJC_MSGSEND = YES;
				GCC_C_LANGUAGE_STANDARD = gnu99;
				GCC_NO_COMMON_BLOCKS = YES;
				GCC_WARN_64_TO_32_BIT_CONVERSION = YES;
				GCC_WARN_ABOUT_RETURN_TYPE = YES_ERROR;
				GCC_WARN_UNDECLARED_SELECTOR = YES;
				GCC_WARN_UNINITIALIZED_AUTOS = YES_AGGRESSIVE;
				GCC_WARN_UNUSED_FUNCTION = YES;
				GCC_WARN_UNUSED_VARIABLE = YES;
				IPHONEOS_DEPLOYMENT_TARGET = 10.0;
				MTL_ENABLE_DEBUG_INFO = NO;
				SDKROOT = iphoneos;
				SWIFT_OPTIMIZATION_LEVEL = "-Owholemodule";
				TARGETED_DEVICE_FAMILY = "1,2";
				VALIDATE_PRODUCT = YES;
			};
			name = Release;
		};
		CB7C1C491E23249D0050971E /* Debug */ = {
			isa = XCBuildConfiguration;
			buildSettings = {
				ASSETCATALOG_COMPILER_APPICON_NAME = AppIcon;
				INFOPLIST_FILE = DynamicsBehavior/Info.plist;
				LD_RUNPATH_SEARCH_PATHS = "$(inherited) @executable_path/Frameworks";
				PRODUCT_BUNDLE_IDENTIFIER = com.amy.DynamicsBehavior;
				PRODUCT_NAME = "$(TARGET_NAME)";
				SWIFT_VERSION = 3.0;
			};
			name = Debug;
		};
		CB7C1C4A1E23249D0050971E /* Release */ = {
			isa = XCBuildConfiguration;
			buildSettings = {
				ASSETCATALOG_COMPILER_APPICON_NAME = AppIcon;
				INFOPLIST_FILE = DynamicsBehavior/Info.plist;
				LD_RUNPATH_SEARCH_PATHS = "$(inherited) @executable_path/Frameworks";
				PRODUCT_BUNDLE_IDENTIFIER = com.amy.DynamicsBehavior;
				PRODUCT_NAME = "$(TARGET_NAME)";
				SWIFT_VERSION = 3.0;
			};
			name = Release;
		};
/* End XCBuildConfiguration section */

/* Begin XCConfigurationList section */
		CB7C1C311E23249D0050971E /* Build configuration list for PBXProject "DynamicsBehavior" */ = {
			isa = XCConfigurationList;
			buildConfigurations = (
				CB7C1C461E23249D0050971E /* Debug */,
				CB7C1C471E23249D0050971E /* Release */,
			);
			defaultConfigurationIsVisible = 0;
			defaultConfigurationName = Release;
		};
		CB7C1C481E23249D0050971E /* Build configuration list for PBXNativeTarget "DynamicsBehavior" */ = {
			isa = XCConfigurationList;
			buildConfigurations = (
				CB7C1C491E23249D0050971E /* Debug */,
				CB7C1C4A1E23249D0050971E /* Release */,
			);
			defaultConfigurationIsVisible = 0;
		};
/* End XCConfigurationList section */
	};
	rootObject = CB7C1C2E1E23249D0050971E /* Project object */;
}
